
Microsoft Visual Studio Solution File, Format Version 12.00
# Visual Studio Version 17
VisualStudioVersion = 17.4.33403.182
MinimumVisualStudioVersion = 10.0.40219.1
Project("{9A19103F-16F7-4668-BE54-9A1E7A4F7556}") = "LeaveManagmentSystem", "LeaveManagmentSystem\LeaveManagmentSystem.csproj", "{2353F586-66C1-49A5-86B2-73BAA7257AC4}"
EndProject
Project("{2150E333-8FDC-42A3-9474-1A3956D46DE8}") = "src", "src", "{28A12CC3-A3D3-4919-8E87-AF0578C74E42}"
EndProject
Project("{2150E333-8FDC-42A3-9474-1A3956D46DE8}") = "Test", "Test", "{7446941A-F227-4818-BA24-4975C4659F0F}"
EndProject
Project("{2150E333-8FDC-42A3-9474-1A3956D46DE8}") = "Core", "Core", "{A27E06E1-3338-4079-B41C-4131477BDEED}"
EndProject
Project("{2150E333-8FDC-42A3-9474-1A3956D46DE8}") = "Api", "Api", "{3001B01A-C68A-4F40-B820-8DCBB85FE5D0}"
EndProject
Project("{2150E333-8FDC-42A3-9474-1A3956D46DE8}") = "UI", "UI", "{03A704D0-71BD-4A84-9C0F-8BA8B58EAA91}"
EndProject
Project("{2150E333-8FDC-42A3-9474-1A3956D46DE8}") = "Infrastructure", "Infrastructure", "{5BF5A97C-D22A-478C-BBB8-42DEBAB38923}"
EndProject
Project("{9A19103F-16F7-4668-BE54-9A1E7A4F7556}") = "LeaveManagment.Domin", "LeaveManagment.Domin\LeaveManagment.Domin.csproj", "{D5FAB0B6-C03B-4114-AE4C-9BD8AA611726}"
EndProject
Project("{9A19103F-16F7-4668-BE54-9A1E7A4F7556}") = "LeaveManagment.Application", "LeaveManagment.Application\LeaveManagment.Application.csproj", "{D47F0BF0-3703-4F8E-846A-03DF31CE519D}"
EndProject
Global
	GlobalSection(SolutionConfigurationPlatforms) = preSolution
		Debug|Any CPU = Debug|Any CPU
		Release|Any CPU = Release|Any CPU
	EndGlobalSection
	GlobalSection(ProjectConfigurationPlatforms) = postSolution
		{2353F586-66C1-49A5-86B2-73BAA7257AC4}.Debug|Any CPU.ActiveCfg = Debug|Any CPU
		{2353F586-66C1-49A5-86B2-73BAA7257AC4}.Debug|Any CPU.Build.0 = Debug|Any CPU
		{2353F586-66C1-49A5-86B2-73BAA7257AC4}.Release|Any CPU.ActiveCfg = Release|Any CPU
		{2353F586-66C1-49A5-86B2-73BAA7257AC4}.Release|Any CPU.Build.0 = Release|Any CPU
		{D5FAB0B6-C03B-4114-AE4C-9BD8AA611726}.Debug|Any CPU.ActiveCfg = Debug|Any CPU
		{D5FAB0B6-C03B-4114-AE4C-9BD8AA611726}.Debug|Any CPU.Build.0 = Debug|Any CPU
		{D5FAB0B6-C03B-4114-AE4C-9BD8AA611726}.Release|Any CPU.ActiveCfg = Release|Any CPU
		{D5FAB0B6-C03B-4114-AE4C-9BD8AA611726}.Release|Any CPU.Build.0 = Release|Any CPU
		{D47F0BF0-3703-4F8E-846A-03DF31CE519D}.Debug|Any CPU.ActiveCfg = Debug|Any CPU
		{D47F0BF0-3703-4F8E-846A-03DF31CE519D}.Debug|Any CPU.Build.0 = Debug|Any CPU
		{D47F0BF0-3703-4F8E-846A-03DF31CE519D}.Release|Any CPU.ActiveCfg = Release|Any CPU
		{D47F0BF0-3703-4F8E-846A-03DF31CE519D}.Release|Any CPU.Build.0 = Release|Any CPU
	EndGlobalSection
	GlobalSection(SolutionProperties) = preSolution
		HideSolutionNode = FALSE
	EndGlobalSection
	GlobalSection(NestedProjects) = preSolution
		{2353F586-66C1-49A5-86B2-73BAA7257AC4} = {03A704D0-71BD-4A84-9C0F-8BA8B58EAA91}
		{A27E06E1-3338-4079-B41C-4131477BDEED} = {28A12CC3-A3D3-4919-8E87-AF0578C74E42}
		{3001B01A-C68A-4F40-B820-8DCBB85FE5D0} = {28A12CC3-A3D3-4919-8E87-AF0578C74E42}
		{03A704D0-71BD-4A84-9C0F-8BA8B58EAA91} = {28A12CC3-A3D3-4919-8E87-AF0578C74E42}
		{5BF5A97C-D22A-478C-BBB8-42DEBAB38923} = {28A12CC3-A3D3-4919-8E87-AF0578C74E42}
		{D5FAB0B6-C03B-4114-AE4C-9BD8AA611726} = {A27E06E1-3338-4079-B41C-4131477BDEED}
		{D47F0BF0-3703-4F8E-846A-03DF31CE519D} = {A27E06E1-3338-4079-B41C-4131477BDEED}
	EndGlobalSection
	GlobalSection(ExtensibilityGlobals) = postSolution
		SolutionGuid = {F4504AFD-D3ED-4E5E-972D-D7A6A4155350}
	EndGlobalSection
EndGlobal
